// !$*UTF8*$!
{
	archiveVersion = 1;
	classes = {
	};
	objectVersion = 55;
	objects = {

/* Begin PBXBuildFile section */
		80319D9D27D684080088228B /* AppDelegate.swift in Sources */ = {isa = PBXBuildFile; fileRef = 80319D9C27D684080088228B /* AppDelegate.swift */; };
		80319D9F27D684080088228B /* SceneDelegate.swift in Sources */ = {isa = PBXBuildFile; fileRef = 80319D9E27D684080088228B /* SceneDelegate.swift */; };
		80319DA627D684090088228B /* Assets.xcassets in Resources */ = {isa = PBXBuildFile; fileRef = 80319DA527D684090088228B /* Assets.xcassets */; };
		80319DA927D684090088228B /* LaunchScreen.storyboard in Resources */ = {isa = PBXBuildFile; fileRef = 80319DA727D684090088228B /* LaunchScreen.storyboard */; };
		80319DB427D6840A0088228B /* RandomUserTechnicalTestTests.swift in Sources */ = {isa = PBXBuildFile; fileRef = 80319DB327D6840A0088228B /* RandomUserTechnicalTestTests.swift */; };
		80319DBE27D6840A0088228B /* RandomUserTechnicalTestUITests.swift in Sources */ = {isa = PBXBuildFile; fileRef = 80319DBD27D6840A0088228B /* RandomUserTechnicalTestUITests.swift */; };
		80319DC027D6840A0088228B /* RandomUserTechnicalTestUITestsLaunchTests.swift in Sources */ = {isa = PBXBuildFile; fileRef = 80319DBF27D6840A0088228B /* RandomUserTechnicalTestUITestsLaunchTests.swift */; };
		80319DCE27D686FC0088228B /* GRDB in Frameworks */ = {isa = PBXBuildFile; productRef = 80319DCD27D686FC0088228B /* GRDB */; };
		80319DD127D687130088228B /* Kingfisher in Frameworks */ = {isa = PBXBuildFile; productRef = 80319DD027D687130088228B /* Kingfisher */; };
		80319DD927D6888B0088228B /* UsersListViewController.swift in Sources */ = {isa = PBXBuildFile; fileRef = 80319DD827D6888B0088228B /* UsersListViewController.swift */; };
		80319DDB27D689990088228B /* UsersViewModel.swift in Sources */ = {isa = PBXBuildFile; fileRef = 80319DDA27D689990088228B /* UsersViewModel.swift */; };
		80319DDD27D68A340088228B /* UserViewModel.swift in Sources */ = {isa = PBXBuildFile; fileRef = 80319DDC27D68A340088228B /* UserViewModel.swift */; };
		80319DDF27D68AD90088228B /* UserRowTableViewCell.swift in Sources */ = {isa = PBXBuildFile; fileRef = 80319DDE27D68AD90088228B /* UserRowTableViewCell.swift */; };
		80319DE327D68C4C0088228B /* Endpoint.swift in Sources */ = {isa = PBXBuildFile; fileRef = 80319DE227D68C4C0088228B /* Endpoint.swift */; };
		80319DE527D68C790088228B /* UserEnpoint.swift in Sources */ = {isa = PBXBuildFile; fileRef = 80319DE427D68C790088228B /* UserEnpoint.swift */; };
		80319DE827D68CD80088228B /* RemoteDataProviderProtocol.swift in Sources */ = {isa = PBXBuildFile; fileRef = 80319DE727D68CD80088228B /* RemoteDataProviderProtocol.swift */; };
		80319DEA27D68CF40088228B /* RemoteDataProvider.swift in Sources */ = {isa = PBXBuildFile; fileRef = 80319DE927D68CF40088228B /* RemoteDataProvider.swift */; };
		80319DED27D68D460088228B /* RemoteConfiguration.swift in Sources */ = {isa = PBXBuildFile; fileRef = 80319DEC27D68D460088228B /* RemoteConfiguration.swift */; };
		80319DF027D68D9B0088228B /* UserRemote.swift in Sources */ = {isa = PBXBuildFile; fileRef = 80319DEF27D68D9B0088228B /* UserRemote.swift */; };
		80319DF227D68DAC0088228B /* UserRemoteResponse.swift in Sources */ = {isa = PBXBuildFile; fileRef = 80319DF127D68DAC0088228B /* UserRemoteResponse.swift */; };
		80319DF527D68DF80088228B /* UserRemoteRepositoryProtocol.swift in Sources */ = {isa = PBXBuildFile; fileRef = 80319DF427D68DF80088228B /* UserRemoteRepositoryProtocol.swift */; };
		80319DF727D68E080088228B /* UserRemoteRepository.swift in Sources */ = {isa = PBXBuildFile; fileRef = 80319DF627D68E080088228B /* UserRemoteRepository.swift */; };
		80319DFA27D68EC30088228B /* UsersDatabase.swift in Sources */ = {isa = PBXBuildFile; fileRef = 80319DF927D68EC30088228B /* UsersDatabase.swift */; };
		80319DFD27D68F2D0088228B /* LocalDataProviderProtocol.swift in Sources */ = {isa = PBXBuildFile; fileRef = 80319DFC27D68F2D0088228B /* LocalDataProviderProtocol.swift */; };
		80319DFF27D68F420088228B /* LocalDataProvider.swift in Sources */ = {isa = PBXBuildFile; fileRef = 80319DFE27D68F420088228B /* LocalDataProvider.swift */; };
		80319E0227D68F900088228B /* User.swift in Sources */ = {isa = PBXBuildFile; fileRef = 80319E0127D68F900088228B /* User.swift */; };
		80319E0527D68FC40088228B /* UserLocalRepositoryProtocol.swift in Sources */ = {isa = PBXBuildFile; fileRef = 80319E0427D68FC40088228B /* UserLocalRepositoryProtocol.swift */; };
		80319E0727D68FD40088228B /* UserLocalRepository.swift in Sources */ = {isa = PBXBuildFile; fileRef = 80319E0627D68FD40088228B /* UserLocalRepository.swift */; };
/* End PBXBuildFile section */

/* Begin PBXContainerItemProxy section */
		80319DB027D6840A0088228B /* PBXContainerItemProxy */ = {
			isa = PBXContainerItemProxy;
			containerPortal = 80319D9127D684080088228B /* Project object */;
			proxyType = 1;
			remoteGlobalIDString = 80319D9827D684080088228B;
			remoteInfo = RandomUserTechnicalTest;
		};
		80319DBA27D6840A0088228B /* PBXContainerItemProxy */ = {
			isa = PBXContainerItemProxy;
			containerPortal = 80319D9127D684080088228B /* Project object */;
			proxyType = 1;
			remoteGlobalIDString = 80319D9827D684080088228B;
			remoteInfo = RandomUserTechnicalTest;
		};
/* End PBXContainerItemProxy section */

/* Begin PBXFileReference section */
		80319D9927D684080088228B /* RandomUserTechnicalTest.app */ = {isa = PBXFileReference; explicitFileType = wrapper.application; includeInIndex = 0; path = RandomUserTechnicalTest.app; sourceTree = BUILT_PRODUCTS_DIR; };
		80319D9C27D684080088228B /* AppDelegate.swift */ = {isa = PBXFileReference; lastKnownFileType = sourcecode.swift; path = AppDelegate.swift; sourceTree = "<group>"; };
		80319D9E27D684080088228B /* SceneDelegate.swift */ = {isa = PBXFileReference; lastKnownFileType = sourcecode.swift; path = SceneDelegate.swift; sourceTree = "<group>"; };
		80319DA527D684090088228B /* Assets.xcassets */ = {isa = PBXFileReference; lastKnownFileType = folder.assetcatalog; path = Assets.xcassets; sourceTree = "<group>"; };
		80319DA827D684090088228B /* Base */ = {isa = PBXFileReference; lastKnownFileType = file.storyboard; name = Base; path = Base.lproj/LaunchScreen.storyboard; sourceTree = "<group>"; };
		80319DAA27D684090088228B /* Info.plist */ = {isa = PBXFileReference; lastKnownFileType = text.plist.xml; path = Info.plist; sourceTree = "<group>"; };
		80319DAF27D6840A0088228B /* RandomUserTechnicalTestTests.xctest */ = {isa = PBXFileReference; explicitFileType = wrapper.cfbundle; includeInIndex = 0; path = RandomUserTechnicalTestTests.xctest; sourceTree = BUILT_PRODUCTS_DIR; };
		80319DB327D6840A0088228B /* RandomUserTechnicalTestTests.swift */ = {isa = PBXFileReference; lastKnownFileType = sourcecode.swift; path = RandomUserTechnicalTestTests.swift; sourceTree = "<group>"; };
		80319DB927D6840A0088228B /* RandomUserTechnicalTestUITests.xctest */ = {isa = PBXFileReference; explicitFileType = wrapper.cfbundle; includeInIndex = 0; path = RandomUserTechnicalTestUITests.xctest; sourceTree = BUILT_PRODUCTS_DIR; };
		80319DBD27D6840A0088228B /* RandomUserTechnicalTestUITests.swift */ = {isa = PBXFileReference; lastKnownFileType = sourcecode.swift; path = RandomUserTechnicalTestUITests.swift; sourceTree = "<group>"; };
		80319DBF27D6840A0088228B /* RandomUserTechnicalTestUITestsLaunchTests.swift */ = {isa = PBXFileReference; lastKnownFileType = sourcecode.swift; path = RandomUserTechnicalTestUITestsLaunchTests.swift; sourceTree = "<group>"; };
		80319DD827D6888B0088228B /* UsersListViewController.swift */ = {isa = PBXFileReference; lastKnownFileType = sourcecode.swift; path = UsersListViewController.swift; sourceTree = "<group>"; };
		80319DDA27D689990088228B /* UsersViewModel.swift */ = {isa = PBXFileReference; lastKnownFileType = sourcecode.swift; path = UsersViewModel.swift; sourceTree = "<group>"; };
		80319DDC27D68A340088228B /* UserViewModel.swift */ = {isa = PBXFileReference; lastKnownFileType = sourcecode.swift; path = UserViewModel.swift; sourceTree = "<group>"; };
		80319DDE27D68AD90088228B /* UserRowTableViewCell.swift */ = {isa = PBXFileReference; lastKnownFileType = sourcecode.swift; path = UserRowTableViewCell.swift; sourceTree = "<group>"; };
		80319DE227D68C4C0088228B /* Endpoint.swift */ = {isa = PBXFileReference; lastKnownFileType = sourcecode.swift; path = Endpoint.swift; sourceTree = "<group>"; };
		80319DE427D68C790088228B /* UserEnpoint.swift */ = {isa = PBXFileReference; lastKnownFileType = sourcecode.swift; path = UserEnpoint.swift; sourceTree = "<group>"; };
		80319DE727D68CD80088228B /* RemoteDataProviderProtocol.swift */ = {isa = PBXFileReference; lastKnownFileType = sourcecode.swift; path = RemoteDataProviderProtocol.swift; sourceTree = "<group>"; };
		80319DE927D68CF40088228B /* RemoteDataProvider.swift */ = {isa = PBXFileReference; lastKnownFileType = sourcecode.swift; path = RemoteDataProvider.swift; sourceTree = "<group>"; };
		80319DEC27D68D460088228B /* RemoteConfiguration.swift */ = {isa = PBXFileReference; lastKnownFileType = sourcecode.swift; path = RemoteConfiguration.swift; sourceTree = "<group>"; };
		80319DEF27D68D9B0088228B /* UserRemote.swift */ = {isa = PBXFileReference; lastKnownFileType = sourcecode.swift; path = UserRemote.swift; sourceTree = "<group>"; };
		80319DF127D68DAC0088228B /* UserRemoteResponse.swift */ = {isa = PBXFileReference; lastKnownFileType = sourcecode.swift; path = UserRemoteResponse.swift; sourceTree = "<group>"; };
		80319DF427D68DF80088228B /* UserRemoteRepositoryProtocol.swift */ = {isa = PBXFileReference; lastKnownFileType = sourcecode.swift; path = UserRemoteRepositoryProtocol.swift; sourceTree = "<group>"; };
		80319DF627D68E080088228B /* UserRemoteRepository.swift */ = {isa = PBXFileReference; lastKnownFileType = sourcecode.swift; path = UserRemoteRepository.swift; sourceTree = "<group>"; };
		80319DF927D68EC30088228B /* UsersDatabase.swift */ = {isa = PBXFileReference; lastKnownFileType = sourcecode.swift; path = UsersDatabase.swift; sourceTree = "<group>"; };
		80319DFC27D68F2D0088228B /* LocalDataProviderProtocol.swift */ = {isa = PBXFileReference; lastKnownFileType = sourcecode.swift; path = LocalDataProviderProtocol.swift; sourceTree = "<group>"; };
		80319DFE27D68F420088228B /* LocalDataProvider.swift */ = {isa = PBXFileReference; lastKnownFileType = sourcecode.swift; path = LocalDataProvider.swift; sourceTree = "<group>"; };
		80319E0127D68F900088228B /* User.swift */ = {isa = PBXFileReference; lastKnownFileType = sourcecode.swift; path = User.swift; sourceTree = "<group>"; };
		80319E0427D68FC40088228B /* UserLocalRepositoryProtocol.swift */ = {isa = PBXFileReference; lastKnownFileType = sourcecode.swift; path = UserLocalRepositoryProtocol.swift; sourceTree = "<group>"; };
		80319E0627D68FD40088228B /* UserLocalRepository.swift */ = {isa = PBXFileReference; lastKnownFileType = sourcecode.swift; path = UserLocalRepository.swift; sourceTree = "<group>"; };
/* End PBXFileReference section */

/* Begin PBXFrameworksBuildPhase section */
		80319D9627D684080088228B /* Frameworks */ = {
			isa = PBXFrameworksBuildPhase;
			buildActionMask = 2147483647;
			files = (
				80319DD127D687130088228B /* Kingfisher in Frameworks */,
				80319DCE27D686FC0088228B /* GRDB in Frameworks */,
			);
			runOnlyForDeploymentPostprocessing = 0;
		};
		80319DAC27D6840A0088228B /* Frameworks */ = {
			isa = PBXFrameworksBuildPhase;
			buildActionMask = 2147483647;
			files = (
			);
			runOnlyForDeploymentPostprocessing = 0;
		};
		80319DB627D6840A0088228B /* Frameworks */ = {
			isa = PBXFrameworksBuildPhase;
			buildActionMask = 2147483647;
			files = (
			);
			runOnlyForDeploymentPostprocessing = 0;
		};
/* End PBXFrameworksBuildPhase section */

/* Begin PBXGroup section */
		80319D9027D684080088228B = {
			isa = PBXGroup;
			children = (
				80319D9B27D684080088228B /* RandomUserTechnicalTest */,
				80319DB227D6840A0088228B /* RandomUserTechnicalTestTests */,
				80319DBC27D6840A0088228B /* RandomUserTechnicalTestUITests */,
				80319D9A27D684080088228B /* Products */,
			);
			sourceTree = "<group>";
		};
		80319D9A27D684080088228B /* Products */ = {
			isa = PBXGroup;
			children = (
				80319D9927D684080088228B /* RandomUserTechnicalTest.app */,
				80319DAF27D6840A0088228B /* RandomUserTechnicalTestTests.xctest */,
				80319DB927D6840A0088228B /* RandomUserTechnicalTestUITests.xctest */,
			);
			name = Products;
			sourceTree = "<group>";
		};
		80319D9B27D684080088228B /* RandomUserTechnicalTest */ = {
			isa = PBXGroup;
			children = (
				80319DD427D6880C0088228B /* Data */,
				80319DD327D688060088228B /* Domain */,
				80319DD227D687FE0088228B /* Presentation */,
				80319D9C27D684080088228B /* AppDelegate.swift */,
				80319D9E27D684080088228B /* SceneDelegate.swift */,
				80319DA527D684090088228B /* Assets.xcassets */,
				80319DA727D684090088228B /* LaunchScreen.storyboard */,
				80319DAA27D684090088228B /* Info.plist */,
			);
			path = RandomUserTechnicalTest;
			sourceTree = "<group>";
		};
		80319DB227D6840A0088228B /* RandomUserTechnicalTestTests */ = {
			isa = PBXGroup;
			children = (
				80319DB327D6840A0088228B /* RandomUserTechnicalTestTests.swift */,
			);
			path = RandomUserTechnicalTestTests;
			sourceTree = "<group>";
		};
		80319DBC27D6840A0088228B /* RandomUserTechnicalTestUITests */ = {
			isa = PBXGroup;
			children = (
				80319DBD27D6840A0088228B /* RandomUserTechnicalTestUITests.swift */,
				80319DBF27D6840A0088228B /* RandomUserTechnicalTestUITestsLaunchTests.swift */,
			);
			path = RandomUserTechnicalTestUITests;
			sourceTree = "<group>";
		};
		80319DD227D687FE0088228B /* Presentation */ = {
			isa = PBXGroup;
			children = (
				80319DD527D688260088228B /* UsersList */,
				80319DDC27D68A340088228B /* UserViewModel.swift */,
			);
			path = Presentation;
			sourceTree = "<group>";
		};
		80319DD327D688060088228B /* Domain */ = {
			isa = PBXGroup;
			children = (
			);
			path = Domain;
			sourceTree = "<group>";
		};
		80319DD427D6880C0088228B /* Data */ = {
			isa = PBXGroup;
			children = (
				80319DF827D68EB40088228B /* Database */,
				80319DEB27D68D350088228B /* Configuration */,
				80319DE027D68C330088228B /* Network */,
			);
			path = Data;
			sourceTree = "<group>";
		};
		80319DD527D688260088228B /* UsersList */ = {
			isa = PBXGroup;
			children = (
				80319DDA27D689990088228B /* UsersViewModel.swift */,
				80319DD827D6888B0088228B /* UsersListViewController.swift */,
				80319DDE27D68AD90088228B /* UserRowTableViewCell.swift */,
			);
			path = UsersList;
			sourceTree = "<group>";
		};
		80319DE027D68C330088228B /* Network */ = {
			isa = PBXGroup;
			children = (
				80319DF327D68DD80088228B /* Repository */,
				80319DEE27D68D7E0088228B /* Model */,
				80319DE627D68CCE0088228B /* Provider */,
				80319DE127D68C3E0088228B /* Endpoint */,
			);
			path = Network;
			sourceTree = "<group>";
		};
		80319DE127D68C3E0088228B /* Endpoint */ = {
			isa = PBXGroup;
			children = (
				80319DE227D68C4C0088228B /* Endpoint.swift */,
				80319DE427D68C790088228B /* UserEnpoint.swift */,
			);
			path = Endpoint;
			sourceTree = "<group>";
		};
		80319DE627D68CCE0088228B /* Provider */ = {
			isa = PBXGroup;
			children = (
				80319DE727D68CD80088228B /* RemoteDataProviderProtocol.swift */,
				80319DE927D68CF40088228B /* RemoteDataProvider.swift */,
			);
			path = Provider;
			sourceTree = "<group>";
		};
		80319DEB27D68D350088228B /* Configuration */ = {
			isa = PBXGroup;
			children = (
				80319DEC27D68D460088228B /* RemoteConfiguration.swift */,
			);
			path = Configuration;
			sourceTree = "<group>";
		};
		80319DEE27D68D7E0088228B /* Model */ = {
			isa = PBXGroup;
			children = (
				80319DEF27D68D9B0088228B /* UserRemote.swift */,
				80319DF127D68DAC0088228B /* UserRemoteResponse.swift */,
			);
			path = Model;
			sourceTree = "<group>";
		};
		80319DF327D68DD80088228B /* Repository */ = {
			isa = PBXGroup;
			children = (
				80319DF427D68DF80088228B /* UserRemoteRepositoryProtocol.swift */,
				80319DF627D68E080088228B /* UserRemoteRepository.swift */,
			);
			path = Repository;
			sourceTree = "<group>";
		};
		80319DF827D68EB40088228B /* Database */ = {
			isa = PBXGroup;
			children = (
				80319E0327D68FAD0088228B /* Repository */,
				80319E0027D68F790088228B /* Model */,
				80319DFB27D68F250088228B /* Provider */,
				80319DF927D68EC30088228B /* UsersDatabase.swift */,
			);
			path = Database;
			sourceTree = "<group>";
		};
		80319DFB27D68F250088228B /* Provider */ = {
			isa = PBXGroup;
			children = (
				80319DFC27D68F2D0088228B /* LocalDataProviderProtocol.swift */,
				80319DFE27D68F420088228B /* LocalDataProvider.swift */,
			);
			path = Provider;
			sourceTree = "<group>";
		};
		80319E0027D68F790088228B /* Model */ = {
			isa = PBXGroup;
			children = (
				80319E0127D68F900088228B /* User.swift */,
			);
			path = Model;
			sourceTree = "<group>";
		};
		80319E0327D68FAD0088228B /* Repository */ = {
			isa = PBXGroup;
			children = (
				80319E0427D68FC40088228B /* UserLocalRepositoryProtocol.swift */,
				80319E0627D68FD40088228B /* UserLocalRepository.swift */,
			);
			path = Repository;
			sourceTree = "<group>";
		};
/* End PBXGroup section */

/* Begin PBXNativeTarget section */
		80319D9827D684080088228B /* RandomUserTechnicalTest */ = {
			isa = PBXNativeTarget;
			buildConfigurationList = 80319DC327D6840A0088228B /* Build configuration list for PBXNativeTarget "RandomUserTechnicalTest" */;
			buildPhases = (
				80319D9527D684080088228B /* Sources */,
				80319D9627D684080088228B /* Frameworks */,
				80319D9727D684080088228B /* Resources */,
			);
			buildRules = (
			);
			dependencies = (
			);
			name = RandomUserTechnicalTest;
			packageProductDependencies = (
				80319DCD27D686FC0088228B /* GRDB */,
				80319DD027D687130088228B /* Kingfisher */,
			);
			productName = RandomUserTechnicalTest;
			productReference = 80319D9927D684080088228B /* RandomUserTechnicalTest.app */;
			productType = "com.apple.product-type.application";
		};
		80319DAE27D6840A0088228B /* RandomUserTechnicalTestTests */ = {
			isa = PBXNativeTarget;
			buildConfigurationList = 80319DC627D6840A0088228B /* Build configuration list for PBXNativeTarget "RandomUserTechnicalTestTests" */;
			buildPhases = (
				80319DAB27D6840A0088228B /* Sources */,
				80319DAC27D6840A0088228B /* Frameworks */,
				80319DAD27D6840A0088228B /* Resources */,
			);
			buildRules = (
			);
			dependencies = (
				80319DB127D6840A0088228B /* PBXTargetDependency */,
			);
			name = RandomUserTechnicalTestTests;
			productName = RandomUserTechnicalTestTests;
			productReference = 80319DAF27D6840A0088228B /* RandomUserTechnicalTestTests.xctest */;
			productType = "com.apple.product-type.bundle.unit-test";
		};
		80319DB827D6840A0088228B /* RandomUserTechnicalTestUITests */ = {
			isa = PBXNativeTarget;
			buildConfigurationList = 80319DC927D6840A0088228B /* Build configuration list for PBXNativeTarget "RandomUserTechnicalTestUITests" */;
			buildPhases = (
				80319DB527D6840A0088228B /* Sources */,
				80319DB627D6840A0088228B /* Frameworks */,
				80319DB727D6840A0088228B /* Resources */,
			);
			buildRules = (
			);
			dependencies = (
				80319DBB27D6840A0088228B /* PBXTargetDependency */,
			);
			name = RandomUserTechnicalTestUITests;
			productName = RandomUserTechnicalTestUITests;
			productReference = 80319DB927D6840A0088228B /* RandomUserTechnicalTestUITests.xctest */;
			productType = "com.apple.product-type.bundle.ui-testing";
		};
/* End PBXNativeTarget section */

/* Begin PBXProject section */
		80319D9127D684080088228B /* Project object */ = {
			isa = PBXProject;
			attributes = {
				BuildIndependentTargetsInParallel = 1;
				LastSwiftUpdateCheck = 1320;
				LastUpgradeCheck = 1320;
				TargetAttributes = {
					80319D9827D684080088228B = {
						CreatedOnToolsVersion = 13.2.1;
					};
					80319DAE27D6840A0088228B = {
						CreatedOnToolsVersion = 13.2.1;
						TestTargetID = 80319D9827D684080088228B;
					};
					80319DB827D6840A0088228B = {
						CreatedOnToolsVersion = 13.2.1;
						TestTargetID = 80319D9827D684080088228B;
					};
				};
			};
			buildConfigurationList = 80319D9427D684080088228B /* Build configuration list for PBXProject "RandomUserTechnicalTest" */;
			compatibilityVersion = "Xcode 13.0";
			developmentRegion = en;
			hasScannedForEncodings = 0;
			knownRegions = (
				en,
				Base,
			);
			mainGroup = 80319D9027D684080088228B;
			packageReferences = (
				80319DCC27D686FC0088228B /* XCRemoteSwiftPackageReference "GRDB.swift" */,
				80319DCF27D687130088228B /* XCRemoteSwiftPackageReference "Kingfisher" */,
			);
			productRefGroup = 80319D9A27D684080088228B /* Products */;
			projectDirPath = "";
			projectRoot = "";
			targets = (
				80319D9827D684080088228B /* RandomUserTechnicalTest */,
				80319DAE27D6840A0088228B /* RandomUserTechnicalTestTests */,
				80319DB827D6840A0088228B /* RandomUserTechnicalTestUITests */,
			);
		};
/* End PBXProject section */

/* Begin PBXResourcesBuildPhase section */
		80319D9727D684080088228B /* Resources */ = {
			isa = PBXResourcesBuildPhase;
			buildActionMask = 2147483647;
			files = (
				80319DA927D684090088228B /* LaunchScreen.storyboard in Resources */,
				80319DA627D684090088228B /* Assets.xcassets in Resources */,
			);
			runOnlyForDeploymentPostprocessing = 0;
		};
		80319DAD27D6840A0088228B /* Resources */ = {
			isa = PBXResourcesBuildPhase;
			buildActionMask = 2147483647;
			files = (
			);
			runOnlyForDeploymentPostprocessing = 0;
		};
		80319DB727D6840A0088228B /* Resources */ = {
			isa = PBXResourcesBuildPhase;
			buildActionMask = 2147483647;
			files = (
			);
			runOnlyForDeploymentPostprocessing = 0;
		};
/* End PBXResourcesBuildPhase section */

/* Begin PBXSourcesBuildPhase section */
		80319D9527D684080088228B /* Sources */ = {
			isa = PBXSourcesBuildPhase;
			buildActionMask = 2147483647;
			files = (
				80319DE527D68C790088228B /* UserEnpoint.swift in Sources */,
				80319DE327D68C4C0088228B /* Endpoint.swift in Sources */,
				80319D9D27D684080088228B /* AppDelegate.swift in Sources */,
				80319DDB27D689990088228B /* UsersViewModel.swift in Sources */,
				80319D9F27D684080088228B /* SceneDelegate.swift in Sources */,
				80319DFA27D68EC30088228B /* UsersDatabase.swift in Sources */,
				80319DE827D68CD80088228B /* RemoteDataProviderProtocol.swift in Sources */,
				80319DF527D68DF80088228B /* UserRemoteRepositoryProtocol.swift in Sources */,
				80319E0527D68FC40088228B /* UserLocalRepositoryProtocol.swift in Sources */,
				80319DDF27D68AD90088228B /* UserRowTableViewCell.swift in Sources */,
				80319DFD27D68F2D0088228B /* LocalDataProviderProtocol.swift in Sources */,
				80319DFF27D68F420088228B /* LocalDataProvider.swift in Sources */,
				80319DDD27D68A340088228B /* UserViewModel.swift in Sources */,
				80319DED27D68D460088228B /* RemoteConfiguration.swift in Sources */,
				80319DEA27D68CF40088228B /* RemoteDataProvider.swift in Sources */,
				80319DF727D68E080088228B /* UserRemoteRepository.swift in Sources */,
				80319DF227D68DAC0088228B /* UserRemoteResponse.swift in Sources */,
				80319DF027D68D9B0088228B /* UserRemote.swift in Sources */,
				80319DD927D6888B0088228B /* UsersListViewController.swift in Sources */,
				80319E0727D68FD40088228B /* UserLocalRepository.swift in Sources */,
				80319E0227D68F900088228B /* User.swift in Sources */,
			);
			runOnlyForDeploymentPostprocessing = 0;
		};
		80319DAB27D6840A0088228B /* Sources */ = {
			isa = PBXSourcesBuildPhase;
			buildActionMask = 2147483647;
			files = (
				80319DB427D6840A0088228B /* RandomUserTechnicalTestTests.swift in Sources */,
			);
			runOnlyForDeploymentPostprocessing = 0;
		};
		80319DB527D6840A0088228B /* Sources */ = {
			isa = PBXSourcesBuildPhase;
			buildActionMask = 2147483647;
			files = (
				80319DC027D6840A0088228B /* RandomUserTechnicalTestUITestsLaunchTests.swift in Sources */,
				80319DBE27D6840A0088228B /* RandomUserTechnicalTestUITests.swift in Sources */,
			);
			runOnlyForDeploymentPostprocessing = 0;
		};
/* End PBXSourcesBuildPhase section */

/* Begin PBXTargetDependency section */
		80319DB127D6840A0088228B /* PBXTargetDependency */ = {
			isa = PBXTargetDependency;
			target = 80319D9827D684080088228B /* RandomUserTechnicalTest */;
			targetProxy = 80319DB027D6840A0088228B /* PBXContainerItemProxy */;
		};
		80319DBB27D6840A0088228B /* PBXTargetDependency */ = {
			isa = PBXTargetDependency;
			target = 80319D9827D684080088228B /* RandomUserTechnicalTest */;
			targetProxy = 80319DBA27D6840A0088228B /* PBXContainerItemProxy */;
		};
/* End PBXTargetDependency section */

/* Begin PBXVariantGroup section */
		80319DA727D684090088228B /* LaunchScreen.storyboard */ = {
			isa = PBXVariantGroup;
			children = (
				80319DA827D684090088228B /* Base */,
			);
			name = LaunchScreen.storyboard;
			sourceTree = "<group>";
		};
/* End PBXVariantGroup section */

/* Begin XCBuildConfiguration section */
		80319DC127D6840A0088228B /* Debug */ = {
			isa = XCBuildConfiguration;
			buildSettings = {
				ALWAYS_SEARCH_USER_PATHS = NO;
				CLANG_ANALYZER_NONNULL = YES;
				CLANG_ANALYZER_NUMBER_OBJECT_CONVERSION = YES_AGGRESSIVE;
				CLANG_CXX_LANGUAGE_STANDARD = "gnu++17";
				CLANG_CXX_LIBRARY = "libc++";
				CLANG_ENABLE_MODULES = YES;
				CLANG_ENABLE_OBJC_ARC = YES;
				CLANG_ENABLE_OBJC_WEAK = YES;
				CLANG_WARN_BLOCK_CAPTURE_AUTORELEASING = YES;
				CLANG_WARN_BOOL_CONVERSION = YES;
				CLANG_WARN_COMMA = YES;
				CLANG_WARN_CONSTANT_CONVERSION = YES;
				CLANG_WARN_DEPRECATED_OBJC_IMPLEMENTATIONS = YES;
				CLANG_WARN_DIRECT_OBJC_ISA_USAGE = YES_ERROR;
				CLANG_WARN_DOCUMENTATION_COMMENTS = YES;
				CLANG_WARN_EMPTY_BODY = YES;
				CLANG_WARN_ENUM_CONVERSION = YES;
				CLANG_WARN_INFINITE_RECURSION = YES;
				CLANG_WARN_INT_CONVERSION = YES;
				CLANG_WARN_NON_LITERAL_NULL_CONVERSION = YES;
				CLANG_WARN_OBJC_IMPLICIT_RETAIN_SELF = YES;
				CLANG_WARN_OBJC_LITERAL_CONVERSION = YES;
				CLANG_WARN_OBJC_ROOT_CLASS = YES_ERROR;
				CLANG_WARN_QUOTED_INCLUDE_IN_FRAMEWORK_HEADER = YES;
				CLANG_WARN_RANGE_LOOP_ANALYSIS = YES;
				CLANG_WARN_STRICT_PROTOTYPES = YES;
				CLANG_WARN_SUSPICIOUS_MOVE = YES;
				CLANG_WARN_UNGUARDED_AVAILABILITY = YES_AGGRESSIVE;
				CLANG_WARN_UNREACHABLE_CODE = YES;
				CLANG_WARN__DUPLICATE_METHOD_MATCH = YES;
				COPY_PHASE_STRIP = NO;
				DEBUG_INFORMATION_FORMAT = dwarf;
				ENABLE_STRICT_OBJC_MSGSEND = YES;
				ENABLE_TESTABILITY = YES;
				GCC_C_LANGUAGE_STANDARD = gnu11;
				GCC_DYNAMIC_NO_PIC = NO;
				GCC_NO_COMMON_BLOCKS = YES;
				GCC_OPTIMIZATION_LEVEL = 0;
				GCC_PREPROCESSOR_DEFINITIONS = (
					"DEBUG=1",
					"$(inherited)",
				);
				GCC_WARN_64_TO_32_BIT_CONVERSION = YES;
				GCC_WARN_ABOUT_RETURN_TYPE = YES_ERROR;
				GCC_WARN_UNDECLARED_SELECTOR = YES;
				GCC_WARN_UNINITIALIZED_AUTOS = YES_AGGRESSIVE;
				GCC_WARN_UNUSED_FUNCTION = YES;
				GCC_WARN_UNUSED_VARIABLE = YES;
				IPHONEOS_DEPLOYMENT_TARGET = 15.2;
				MTL_ENABLE_DEBUG_INFO = INCLUDE_SOURCE;
				MTL_FAST_MATH = YES;
				ONLY_ACTIVE_ARCH = YES;
				SDKROOT = iphoneos;
				SWIFT_ACTIVE_COMPILATION_CONDITIONS = DEBUG;
				SWIFT_OPTIMIZATION_LEVEL = "-Onone";
			};
			name = Debug;
		};
		80319DC227D6840A0088228B /* Release */ = {
			isa = XCBuildConfiguration;
			buildSettings = {
				ALWAYS_SEARCH_USER_PATHS = NO;
				CLANG_ANALYZER_NONNULL = YES;
				CLANG_ANALYZER_NUMBER_OBJECT_CONVERSION = YES_AGGRESSIVE;
				CLANG_CXX_LANGUAGE_STANDARD = "gnu++17";
				CLANG_CXX_LIBRARY = "libc++";
				CLANG_ENABLE_MODULES = YES;
				CLANG_ENABLE_OBJC_ARC = YES;
				CLANG_ENABLE_OBJC_WEAK = YES;
				CLANG_WARN_BLOCK_CAPTURE_AUTORELEASING = YES;
				CLANG_WARN_BOOL_CONVERSION = YES;
				CLANG_WARN_COMMA = YES;
				CLANG_WARN_CONSTANT_CONVERSION = YES;
				CLANG_WARN_DEPRECATED_OBJC_IMPLEMENTATIONS = YES;
				CLANG_WARN_DIRECT_OBJC_ISA_USAGE = YES_ERROR;
				CLANG_WARN_DOCUMENTATION_COMMENTS = YES;
				CLANG_WARN_EMPTY_BODY = YES;
				CLANG_WARN_ENUM_CONVERSION = YES;
				CLANG_WARN_INFINITE_RECURSION = YES;
				CLANG_WARN_INT_CONVERSION = YES;
				CLANG_WARN_NON_LITERAL_NULL_CONVERSION = YES;
				CLANG_WARN_OBJC_IMPLICIT_RETAIN_SELF = YES;
				CLANG_WARN_OBJC_LITERAL_CONVERSION = YES;
				CLANG_WARN_OBJC_ROOT_CLASS = YES_ERROR;
				CLANG_WARN_QUOTED_INCLUDE_IN_FRAMEWORK_HEADER = YES;
				CLANG_WARN_RANGE_LOOP_ANALYSIS = YES;
				CLANG_WARN_STRICT_PROTOTYPES = YES;
				CLANG_WARN_SUSPICIOUS_MOVE = YES;
				CLANG_WARN_UNGUARDED_AVAILABILITY = YES_AGGRESSIVE;
				CLANG_WARN_UNREACHABLE_CODE = YES;
				CLANG_WARN__DUPLICATE_METHOD_MATCH = YES;
				COPY_PHASE_STRIP = NO;
				DEBUG_INFORMATION_FORMAT = "dwarf-with-dsym";
				ENABLE_NS_ASSERTIONS = NO;
				ENABLE_STRICT_OBJC_MSGSEND = YES;
				GCC_C_LANGUAGE_STANDARD = gnu11;
				GCC_NO_COMMON_BLOCKS = YES;
				GCC_WARN_64_TO_32_BIT_CONVERSION = YES;
				GCC_WARN_ABOUT_RETURN_TYPE = YES_ERROR;
				GCC_WARN_UNDECLARED_SELECTOR = YES;
				GCC_WARN_UNINITIALIZED_AUTOS = YES_AGGRESSIVE;
				GCC_WARN_UNUSED_FUNCTION = YES;
				GCC_WARN_UNUSED_VARIABLE = YES;
				IPHONEOS_DEPLOYMENT_TARGET = 15.2;
				MTL_ENABLE_DEBUG_INFO = NO;
				MTL_FAST_MATH = YES;
				SDKROOT = iphoneos;
				SWIFT_COMPILATION_MODE = wholemodule;
				SWIFT_OPTIMIZATION_LEVEL = "-O";
				VALIDATE_PRODUCT = YES;
			};
			name = Release;
		};
		80319DC427D6840A0088228B /* Debug */ = {
			isa = XCBuildConfiguration;
			buildSettings = {
				ASSETCATALOG_COMPILER_APPICON_NAME = AppIcon;
				ASSETCATALOG_COMPILER_GLOBAL_ACCENT_COLOR_NAME = AccentColor;
				CODE_SIGN_STYLE = Automatic;
				CURRENT_PROJECT_VERSION = 1;
				DEVELOPMENT_TEAM = 59ZC26E65Z;
				GENERATE_INFOPLIST_FILE = YES;
				INFOPLIST_FILE = RandomUserTechnicalTest/Info.plist;
				INFOPLIST_KEY_UIApplicationSupportsIndirectInputEvents = YES;
				INFOPLIST_KEY_UILaunchStoryboardName = LaunchScreen;
				INFOPLIST_KEY_UISupportedInterfaceOrientations_iPad = "UIInterfaceOrientationPortrait UIInterfaceOrientationPortraitUpsideDown UIInterfaceOrientationLandscapeLeft UIInterfaceOrientationLandscapeRight";
				INFOPLIST_KEY_UISupportedInterfaceOrientations_iPhone = "UIInterfaceOrientationPortrait UIInterfaceOrientationLandscapeLeft UIInterfaceOrientationLandscapeRight";
				IPHONEOS_DEPLOYMENT_TARGET = 14.0;
				LD_RUNPATH_SEARCH_PATHS = (
					"$(inherited)",
					"@executable_path/Frameworks",
				);
				MARKETING_VERSION = 1.0;
				PRODUCT_BUNDLE_IDENTIFIER = dev.kesprit.RandomUserTechnicalTest;
				PRODUCT_NAME = "$(TARGET_NAME)";
				SWIFT_EMIT_LOC_STRINGS = YES;
				SWIFT_VERSION = 5.0;
				TARGETED_DEVICE_FAMILY = 1;
			};
			name = Debug;
		};
		80319DC527D6840A0088228B /* Release */ = {
			isa = XCBuildConfiguration;
			buildSettings = {
				ASSETCATALOG_COMPILER_APPICON_NAME = AppIcon;
				ASSETCATALOG_COMPILER_GLOBAL_ACCENT_COLOR_NAME = AccentColor;
				CODE_SIGN_STYLE = Automatic;
				CURRENT_PROJECT_VERSION = 1;
				DEVELOPMENT_TEAM = 59ZC26E65Z;
				GENERATE_INFOPLIST_FILE = YES;
				INFOPLIST_FILE = RandomUserTechnicalTest/Info.plist;
				INFOPLIST_KEY_UIApplicationSupportsIndirectInputEvents = YES;
				INFOPLIST_KEY_UILaunchStoryboardName = LaunchScreen;
				INFOPLIST_KEY_UISupportedInterfaceOrientations_iPad = "UIInterfaceOrientationPortrait UIInterfaceOrientationPortraitUpsideDown UIInterfaceOrientationLandscapeLeft UIInterfaceOrientationLandscapeRight";
				INFOPLIST_KEY_UISupportedInterfaceOrientations_iPhone = "UIInterfaceOrientationPortrait UIInterfaceOrientationLandscapeLeft UIInterfaceOrientationLandscapeRight";
				IPHONEOS_DEPLOYMENT_TARGET = 14.0;
				LD_RUNPATH_SEARCH_PATHS = (
					"$(inherited)",
					"@executable_path/Frameworks",
				);
				MARKETING_VERSION = 1.0;
				PRODUCT_BUNDLE_IDENTIFIER = dev.kesprit.RandomUserTechnicalTest;
				PRODUCT_NAME = "$(TARGET_NAME)";
				SWIFT_EMIT_LOC_STRINGS = YES;
				SWIFT_VERSION = 5.0;
				TARGETED_DEVICE_FAMILY = 1;
			};
			name = Release;
		};
		80319DC727D6840A0088228B /* Debug */ = {
			isa = XCBuildConfiguration;
			buildSettings = {
				ALWAYS_EMBED_SWIFT_STANDARD_LIBRARIES = YES;
				BUNDLE_LOADER = "$(TEST_HOST)";
				CODE_SIGN_STYLE = Automatic;
				CURRENT_PROJECT_VERSION = 1;
				DEVELOPMENT_TEAM = 59ZC26E65Z;
				GENERATE_INFOPLIST_FILE = YES;
				IPHONEOS_DEPLOYMENT_TARGET = 15.2;
				MARKETING_VERSION = 1.0;
				PRODUCT_BUNDLE_IDENTIFIER = dev.kesprit.RandomUserTechnicalTestTests;
				PRODUCT_NAME = "$(TARGET_NAME)";
				SWIFT_EMIT_LOC_STRINGS = NO;
				SWIFT_VERSION = 5.0;
				TARGETED_DEVICE_FAMILY = "1,2";
				TEST_HOST = "$(BUILT_PRODUCTS_DIR)/RandomUserTechnicalTest.app/RandomUserTechnicalTest";
			};
			name = Debug;
		};
		80319DC827D6840A0088228B /* Release */ = {
			isa = XCBuildConfiguration;
			buildSettings = {
				ALWAYS_EMBED_SWIFT_STANDARD_LIBRARIES = YES;
				BUNDLE_LOADER = "$(TEST_HOST)";
				CODE_SIGN_STYLE = Automatic;
				CURRENT_PROJECT_VERSION = 1;
				DEVELOPMENT_TEAM = 59ZC26E65Z;
				GENERATE_INFOPLIST_FILE = YES;
				IPHONEOS_DEPLOYMENT_TARGET = 15.2;
				MARKETING_VERSION = 1.0;
				PRODUCT_BUNDLE_IDENTIFIER = dev.kesprit.RandomUserTechnicalTestTests;
				PRODUCT_NAME = "$(TARGET_NAME)";
				SWIFT_EMIT_LOC_STRINGS = NO;
				SWIFT_VERSION = 5.0;
				TARGETED_DEVICE_FAMILY = "1,2";
				TEST_HOST = "$(BUILT_PRODUCTS_DIR)/RandomUserTechnicalTest.app/RandomUserTechnicalTest";
			};
			name = Release;
		};
		80319DCA27D6840A0088228B /* Debug */ = {
			isa = XCBuildConfiguration;
			buildSettings = {
				ALWAYS_EMBED_SWIFT_STANDARD_LIBRARIES = YES;
				CODE_SIGN_STYLE = Automatic;
				CURRENT_PROJECT_VERSION = 1;
				DEVELOPMENT_TEAM = 59ZC26E65Z;
				GENERATE_INFOPLIST_FILE = YES;
				MARKETING_VERSION = 1.0;
				PRODUCT_BUNDLE_IDENTIFIER = dev.kesprit.RandomUserTechnicalTestUITests;
				PRODUCT_NAME = "$(TARGET_NAME)";
				SWIFT_EMIT_LOC_STRINGS = NO;
				SWIFT_VERSION = 5.0;
				TARGETED_DEVICE_FAMILY = "1,2";
				TEST_TARGET_NAME = RandomUserTechnicalTest;
			};
			name = Debug;
		};
		80319DCB27D6840A0088228B /* Release */ = {
			isa = XCBuildConfiguration;
			buildSettings = {
				ALWAYS_EMBED_SWIFT_STANDARD_LIBRARIES = YES;
				CODE_SIGN_STYLE = Automatic;
				CURRENT_PROJECT_VERSION = 1;
				DEVELOPMENT_TEAM = 59ZC26E65Z;
				GENERATE_INFOPLIST_FILE = YES;
				MARKETING_VERSION = 1.0;
				PRODUCT_BUNDLE_IDENTIFIER = dev.kesprit.RandomUserTechnicalTestUITests;
				PRODUCT_NAME = "$(TARGET_NAME)";
				SWIFT_EMIT_LOC_STRINGS = NO;
				SWIFT_VERSION = 5.0;
				TARGETED_DEVICE_FAMILY = "1,2";
				TEST_TARGET_NAME = RandomUserTechnicalTest;
			};
			name = Release;
		};
/* End XCBuildConfiguration section */

/* Begin XCConfigurationList section */
		80319D9427D684080088228B /* Build configuration list for PBXProject "RandomUserTechnicalTest" */ = {
			isa = XCConfigurationList;
			buildConfigurations = (
				80319DC127D6840A0088228B /* Debug */,
				80319DC227D6840A0088228B /* Release */,
			);
			defaultConfigurationIsVisible = 0;
			defaultConfigurationName = Release;
		};
		80319DC327D6840A0088228B /* Build configuration list for PBXNativeTarget "RandomUserTechnicalTest" */ = {
			isa = XCConfigurationList;
			buildConfigurations = (
				80319DC427D6840A0088228B /* Debug */,
				80319DC527D6840A0088228B /* Release */,
			);
			defaultConfigurationIsVisible = 0;
			defaultConfigurationName = Release;
		};
		80319DC627D6840A0088228B /* Build configuration list for PBXNativeTarget "RandomUserTechnicalTestTests" */ = {
			isa = XCConfigurationList;
			buildConfigurations = (
				80319DC727D6840A0088228B /* Debug */,
				80319DC827D6840A0088228B /* Release */,
			);
			defaultConfigurationIsVisible = 0;
			defaultConfigurationName = Release;
		};
		80319DC927D6840A0088228B /* Build configuration list for PBXNativeTarget "RandomUserTechnicalTestUITests" */ = {
			isa = XCConfigurationList;
			buildConfigurations = (
				80319DCA27D6840A0088228B /* Debug */,
				80319DCB27D6840A0088228B /* Release */,
			);
			defaultConfigurationIsVisible = 0;
			defaultConfigurationName = Release;
		};
/* End XCConfigurationList section */

/* Begin XCRemoteSwiftPackageReference section */
		80319DCC27D686FC0088228B /* XCRemoteSwiftPackageReference "GRDB.swift" */ = {
			isa = XCRemoteSwiftPackageReference;
			repositoryURL = "https://github.com/groue/GRDB.swift.git";
			requirement = {
				kind = upToNextMajorVersion;
				minimumVersion = 5.0.0;
			};
		};
		80319DCF27D687130088228B /* XCRemoteSwiftPackageReference "Kingfisher" */ = {
			isa = XCRemoteSwiftPackageReference;
			repositoryURL = "https://github.com/onevcat/Kingfisher.git";
			requirement = {
				kind = upToNextMajorVersion;
				minimumVersion = 7.0.0;
			};
		};
/* End XCRemoteSwiftPackageReference section */

/* Begin XCSwiftPackageProductDependency section */
		80319DCD27D686FC0088228B /* GRDB */ = {
			isa = XCSwiftPackageProductDependency;
			package = 80319DCC27D686FC0088228B /* XCRemoteSwiftPackageReference "GRDB.swift" */;
			productName = GRDB;
		};
		80319DD027D687130088228B /* Kingfisher */ = {
			isa = XCSwiftPackageProductDependency;
			package = 80319DCF27D687130088228B /* XCRemoteSwiftPackageReference "Kingfisher" */;
			productName = Kingfisher;
		};
/* End XCSwiftPackageProductDependency section */
	};
	rootObject = 80319D9127D684080088228B /* Project object */;
}
